
Microsoft Visual Studio Solution File, Format Version 12.00
# Visual Studio Version 16
VisualStudioVersion = 16.0.30404.54
MinimumVisualStudioVersion = 10.0.40219.1
Project("{FAE04EC0-301F-11D3-BF4B-00C04F79EFBC}") = "ExtendIdentity", "ExtendIdentity\ExtendIdentity.csproj", "{6765B77D-A7A6-4577-8A46-9DA16A956AE9}"
EndProject
Global
	GlobalSection(SolutionConfigurationPlatforms) = preSolution
		Debug|Any CPU = Debug|Any CPU
		Release|Any CPU = Release|Any CPU
	EndGlobalSection
	GlobalSection(ProjectConfigurationPlatforms) = postSolution
		{6765B77D-A7A6-4577-8A46-9DA16A956AE9}.Debug|Any CPU.ActiveCfg = Debug|Any CPU
		{6765B77D-A7A6-4577-8A46-9DA16A956AE9}.Debug|Any CPU.Build.0 = Debug|Any CPU
		{6765B77D-A7A6-4577-8A46-9DA16A956AE9}.Release|Any CPU.ActiveCfg = Release|Any CPU
		{6765B77D-A7A6-4577-8A46-9DA16A956AE9}.Release|Any CPU.Build.0 = Release|Any CPU
	EndGlobalSection
	GlobalSection(SolutionProperties) = preSolution
		HideSolutionNode = FALSE
	EndGlobalSection
	GlobalSection(ExtensibilityGlobals) = postSolution
		SolutionGuid = {2BBCDF92-7FCB-4D0C-8CFF-4E9B51E58CB9}
	EndGlobalSection
EndGlobal
